<Solution>
  <Folder Name="/src/">
    <Project Path="src/HRM.Api/HRM.Api.csproj" />
    <Project Path="src/HRM.Application/HRM.Application.csproj" />
    <Project Path="src/HRM.Domain/HRM.Domain.csproj" />
    <Project Path="src/HRM.Infrastructure/HRM.Infrastructure.csproj" />
  </Folder>
  <Folder Name="/tests/">
    <Project Path="tests/HRM.Tests/HRM.Tests.csproj" />
  </Folder>
</Solution>
